
Microsoft Visual Studio Solution File, Format Version 12.00
# Visual Studio 2012
Project("{FAE04EC0-301F-11D3-BF4B-00C04F79EFBC}") = "WardrobeMasters_Prototype", "WardrobeMasters_Prototype\WardrobeMasters_Prototype.csproj", "{D3BC9F1A-2307-4F1A-9208-DAB9FD76343A}"
EndProject
Project("{FAE04EC0-301F-11D3-BF4B-00C04F79EFBC}") = "WardrobeMasters_Prototype.iOS", "iOS\WardrobeMasters_Prototype.iOS.csproj", "{59F5B610-4C3B-42AC-B27E-FDA902A3EAED}"
EndProject
Project("{FAE04EC0-301F-11D3-BF4B-00C04F79EFBC}") = "WardrobeMasters_Prototype.Droid", "Droid\WardrobeMasters_Prototype.Droid.csproj", "{64B90C25-C7B0-4FFB-8939-0B3819A5FAB3}"
EndProject
Global
	GlobalSection(SolutionConfigurationPlatforms) = preSolution
		Debug|Any CPU = Debug|Any CPU
		Release|Any CPU = Release|Any CPU
		Debug|iPhoneSimulator = Debug|iPhoneSimulator
		Release|iPhone = Release|iPhone
		Release|iPhoneSimulator = Release|iPhoneSimulator
		Debug|iPhone = Debug|iPhone
	EndGlobalSection
	GlobalSection(ProjectConfigurationPlatforms) = postSolution
		{D3BC9F1A-2307-4F1A-9208-DAB9FD76343A}.Debug|Any CPU.ActiveCfg = Debug|Any CPU
		{D3BC9F1A-2307-4F1A-9208-DAB9FD76343A}.Debug|Any CPU.Build.0 = Debug|Any CPU
		{D3BC9F1A-2307-4F1A-9208-DAB9FD76343A}.Release|Any CPU.ActiveCfg = Release|Any CPU
		{D3BC9F1A-2307-4F1A-9208-DAB9FD76343A}.Release|Any CPU.Build.0 = Release|Any CPU
		{D3BC9F1A-2307-4F1A-9208-DAB9FD76343A}.Debug|iPhoneSimulator.ActiveCfg = Debug|Any CPU
		{D3BC9F1A-2307-4F1A-9208-DAB9FD76343A}.Debug|iPhoneSimulator.Build.0 = Debug|Any CPU
		{D3BC9F1A-2307-4F1A-9208-DAB9FD76343A}.Release|iPhone.ActiveCfg = Release|Any CPU
		{D3BC9F1A-2307-4F1A-9208-DAB9FD76343A}.Release|iPhone.Build.0 = Release|Any CPU
		{D3BC9F1A-2307-4F1A-9208-DAB9FD76343A}.Release|iPhoneSimulator.ActiveCfg = Release|Any CPU
		{D3BC9F1A-2307-4F1A-9208-DAB9FD76343A}.Release|iPhoneSimulator.Build.0 = Release|Any CPU
		{D3BC9F1A-2307-4F1A-9208-DAB9FD76343A}.Debug|iPhone.ActiveCfg = Debug|Any CPU
		{D3BC9F1A-2307-4F1A-9208-DAB9FD76343A}.Debug|iPhone.Build.0 = Debug|Any CPU
		{59F5B610-4C3B-42AC-B27E-FDA902A3EAED}.Debug|Any CPU.ActiveCfg = Debug|iPhoneSimulator
		{59F5B610-4C3B-42AC-B27E-FDA902A3EAED}.Debug|Any CPU.Build.0 = Debug|iPhoneSimulator
		{59F5B610-4C3B-42AC-B27E-FDA902A3EAED}.Release|Any CPU.ActiveCfg = Release|iPhone
		{59F5B610-4C3B-42AC-B27E-FDA902A3EAED}.Release|Any CPU.Build.0 = Release|iPhone
		{59F5B610-4C3B-42AC-B27E-FDA902A3EAED}.Debug|iPhoneSimulator.ActiveCfg = Debug|iPhoneSimulator
		{59F5B610-4C3B-42AC-B27E-FDA902A3EAED}.Debug|iPhoneSimulator.Build.0 = Debug|iPhoneSimulator
		{59F5B610-4C3B-42AC-B27E-FDA902A3EAED}.Release|iPhone.ActiveCfg = Release|iPhone
		{59F5B610-4C3B-42AC-B27E-FDA902A3EAED}.Release|iPhone.Build.0 = Release|iPhone
		{59F5B610-4C3B-42AC-B27E-FDA902A3EAED}.Release|iPhoneSimulator.ActiveCfg = Release|iPhoneSimulator
		{59F5B610-4C3B-42AC-B27E-FDA902A3EAED}.Release|iPhoneSimulator.Build.0 = Release|iPhoneSimulator
		{59F5B610-4C3B-42AC-B27E-FDA902A3EAED}.Debug|iPhone.ActiveCfg = Debug|iPhone
		{59F5B610-4C3B-42AC-B27E-FDA902A3EAED}.Debug|iPhone.Build.0 = Debug|iPhone
		{64B90C25-C7B0-4FFB-8939-0B3819A5FAB3}.Debug|Any CPU.ActiveCfg = Debug|Any CPU
		{64B90C25-C7B0-4FFB-8939-0B3819A5FAB3}.Debug|Any CPU.Build.0 = Debug|Any CPU
		{64B90C25-C7B0-4FFB-8939-0B3819A5FAB3}.Release|Any CPU.ActiveCfg = Release|Any CPU
		{64B90C25-C7B0-4FFB-8939-0B3819A5FAB3}.Release|Any CPU.Build.0 = Release|Any CPU
		{64B90C25-C7B0-4FFB-8939-0B3819A5FAB3}.Debug|iPhoneSimulator.ActiveCfg = Debug|Any CPU
		{64B90C25-C7B0-4FFB-8939-0B3819A5FAB3}.Debug|iPhoneSimulator.Build.0 = Debug|Any CPU
		{64B90C25-C7B0-4FFB-8939-0B3819A5FAB3}.Release|iPhone.ActiveCfg = Release|Any CPU
		{64B90C25-C7B0-4FFB-8939-0B3819A5FAB3}.Release|iPhone.Build.0 = Release|Any CPU
		{64B90C25-C7B0-4FFB-8939-0B3819A5FAB3}.Release|iPhoneSimulator.ActiveCfg = Release|Any CPU
		{64B90C25-C7B0-4FFB-8939-0B3819A5FAB3}.Release|iPhoneSimulator.Build.0 = Release|Any CPU
		{64B90C25-C7B0-4FFB-8939-0B3819A5FAB3}.Debug|iPhone.ActiveCfg = Debug|Any CPU
		{64B90C25-C7B0-4FFB-8939-0B3819A5FAB3}.Debug|iPhone.Build.0 = Debug|Any CPU
	EndGlobalSection
EndGlobal
